
Microsoft Visual Studio Solution File, Format Version 12.00
# Visual Studio 15
VisualStudioVersion = 15.0.27004.2005
MinimumVisualStudioVersion = 10.0.40219.1
Project("{FAE04EC0-301F-11D3-BF4B-00C04F79EFBC}") = "SnipeSharp", "SnipeSharp\SnipeSharp.csproj", "{3DAC380D-028B-478D-B5A3-F1E3C7DCB1A2}"
EndProject
Project("{FAE04EC0-301F-11D3-BF4B-00C04F79EFBC}") = "SnipeSharp.Tests", "SnipeSharp.Tests\SnipeSharp.Tests.csproj", "{012A8E24-AA43-47D1-9A5D-7F38F59DA537}"
EndProject
Global
	GlobalSection(SolutionConfigurationPlatforms) = preSolution
		Debug|Any CPU = Debug|Any CPU
		Release|Any CPU = Release|Any CPU
	EndGlobalSection
	GlobalSection(ProjectConfigurationPlatforms) = postSolution
		{3DAC380D-028B-478D-B5A3-F1E3C7DCB1A2}.Debug|Any CPU.ActiveCfg = Debug|Any CPU
		{3DAC380D-028B-478D-B5A3-F1E3C7DCB1A2}.Debug|Any CPU.Build.0 = Debug|Any CPU
		{3DAC380D-028B-478D-B5A3-F1E3C7DCB1A2}.Release|Any CPU.ActiveCfg = Release|Any CPU
		{3DAC380D-028B-478D-B5A3-F1E3C7DCB1A2}.Release|Any CPU.Build.0 = Release|Any CPU
		{012A8E24-AA43-47D1-9A5D-7F38F59DA537}.Debug|Any CPU.ActiveCfg = Debug|Any CPU
		{012A8E24-AA43-47D1-9A5D-7F38F59DA537}.Debug|Any CPU.Build.0 = Debug|Any CPU
		{012A8E24-AA43-47D1-9A5D-7F38F59DA537}.Release|Any CPU.ActiveCfg = Release|Any CPU
		{012A8E24-AA43-47D1-9A5D-7F38F59DA537}.Release|Any CPU.Build.0 = Release|Any CPU
	EndGlobalSection
	GlobalSection(SolutionProperties) = preSolution
		HideSolutionNode = FALSE
	EndGlobalSection
	GlobalSection(ExtensibilityGlobals) = postSolution
		SolutionGuid = {8174F4BE-8CF8-4BAF-BE5C-0076A0FD8E6F}
	EndGlobalSection
EndGlobal
