
Microsoft Visual Studio Solution File, Format Version 12.00
# Visual Studio 15
VisualStudioVersion = 15.0.27004.2005
MinimumVisualStudioVersion = 10.0.40219.1
Project("{FAE04EC0-301F-11D3-BF4B-00C04F79EFBC}") = "SnipeSharp.Tests", "SnipeSharp.Tests\SnipeSharp.Tests.csproj", "{1EE1B94E-9218-409A-997E-7B2F69BF04F1}"
EndProject
Global
	GlobalSection(SolutionConfigurationPlatforms) = preSolution
		Debug|Any CPU = Debug|Any CPU
		Release|Any CPU = Release|Any CPU
	EndGlobalSection
	GlobalSection(ProjectConfigurationPlatforms) = postSolution
		{1EE1B94E-9218-409A-997E-7B2F69BF04F1}.Debug|Any CPU.ActiveCfg = Debug|Any CPU
		{1EE1B94E-9218-409A-997E-7B2F69BF04F1}.Debug|Any CPU.Build.0 = Debug|Any CPU
		{1EE1B94E-9218-409A-997E-7B2F69BF04F1}.Release|Any CPU.ActiveCfg = Release|Any CPU
		{1EE1B94E-9218-409A-997E-7B2F69BF04F1}.Release|Any CPU.Build.0 = Release|Any CPU
	EndGlobalSection
	GlobalSection(SolutionProperties) = preSolution
		HideSolutionNode = FALSE
	EndGlobalSection
	GlobalSection(ExtensibilityGlobals) = postSolution
		SolutionGuid = {5AC258A1-01DC-40F2-8687-17EDD4F1A6A1}
	EndGlobalSection
EndGlobal
